
Microsoft Visual Studio Solution File, Format Version 12.00
# Visual Studio Express 2013 for Windows Desktop
VisualStudioVersion = 12.0.30723.0
MinimumVisualStudioVersion = 10.0.40219.1
Project("{2150E333-8FDC-42A3-9474-1A3956D46DE8}") = "EXE", "EXE", "{15230435-8B6C-40D8-A3AD-F81425AAA508}"
EndProject
Project("{2150E333-8FDC-42A3-9474-1A3956D46DE8}") = "DLL", "DLL", "{15046054-57A1-4D92-AC76-6A3076468F42}"
EndProject
Project("{FAE04EC0-301F-11D3-BF4B-00C04F79EFBC}") = "Logger", "DLL\Logger\DLLSource\Logger.csproj", "{E087C4C6-8E55-428A-A0E9-2554D0F4DCAD}"
EndProject
Project("{FAE04EC0-301F-11D3-BF4B-00C04F79EFBC}") = "Terrain", "DLL\Terrain\DLLSource\Terrain.csproj", "{9665236F-4092-40A0-A73C-CBFEF944CED3}"
EndProject
Project("{FAE04EC0-301F-11D3-BF4B-00C04F79EFBC}") = "Transition", "DLL\Transition\DLLSource\Transition.csproj", "{A96392E4-ACE3-4FF1-A9AD-28E7C6E3D228}"
EndProject
Project("{FAE04EC0-301F-11D3-BF4B-00C04F79EFBC}") = "CreateBitmaps", "EXE\CreateBitmaps\EXESource\CreateBitmaps.csproj", "{D76B34BD-3635-47F1-8D86-94A88C47DF34}"
EndProject
Project("{FAE04EC0-301F-11D3-BF4B-00C04F79EFBC}") = "CreateColorTable", "EXE\CreateColorTable\EXESource\CreateColorTable.csproj", "{C3B9E62D-D8AF-471E-B4D6-0C1E2AE6E485}"
EndProject
Project("{FAE04EC0-301F-11D3-BF4B-00C04F79EFBC}") = "CreateDataIndex", "EXE\CreateDataIndex\EXESource\CreateDataIndex.csproj", "{34E0E31E-B43A-49B2-A332-60054BF951EC}"
EndProject
Project("{FAE04EC0-301F-11D3-BF4B-00C04F79EFBC}") = "CreateElevationBitmap", "EXE\CreateElevationBitmap\EXESource\CreateElevationBitmap.csproj", "{F32E14E0-DF8B-41FE-A845-7C4C14E7D540}"
EndProject
Project("{FAE04EC0-301F-11D3-BF4B-00C04F79EFBC}") = "CreateFacet", "EXE\CreateFacet\EXESource\CreateFacet.csproj", "{D79E3401-B274-4617-98E8-F0B676DED1F1}"
EndProject
Project("{FAE04EC0-301F-11D3-BF4B-00C04F79EFBC}") = "CreateStatics", "EXE\CreateStatics\EXESource\CreateStatics.csproj", "{C9DEDD3C-5ADF-49B0-95FA-D05BD5CE5B94}"
EndProject
Project("{FAE04EC0-301F-11D3-BF4B-00C04F79EFBC}") = "CreateTransitions", "EXE\CreateTransitions\EXESource\CreateTransitions.csproj", "{27238E6B-4404-4C97-AA6B-105E7D308E48}"
EndProject
Project("{FAE04EC0-301F-11D3-BF4B-00C04F79EFBC}") = "TransitionWizard", "EXE\TransitionWizard\EXESource\TransitionWizard.csproj", "{A8831402-03BA-42B8-A1D2-E4F8DA997987}"
EndProject
Project("{FAE04EC0-301F-11D3-BF4B-00C04F79EFBC}") = "Ultima", "DLL\Ultima\DLLSource\Ultima.csproj", "{27F2D0CB-E224-4CE3-8683-11CDED1576BB}"
EndProject
Project("{FAE04EC0-301F-11D3-BF4B-00C04F79EFBC}") = "Elevation", "DLL\Elevation\DLLSource\Elevation.csproj", "{2DB14F29-B468-41FD-AB78-A5FA986CEBD1}"
EndProject
Global
	GlobalSection(SolutionConfigurationPlatforms) = preSolution
		Debug|Any CPU = Debug|Any CPU
		Debug|Mixed Platforms = Debug|Mixed Platforms
		Debug|x64 = Debug|x64
		Debug|x86 = Debug|x86
		Release|Any CPU = Release|Any CPU
		Release|Mixed Platforms = Release|Mixed Platforms
		Release|x64 = Release|x64
		Release|x86 = Release|x86
	EndGlobalSection
	GlobalSection(ProjectConfigurationPlatforms) = postSolution
		{E087C4C6-8E55-428A-A0E9-2554D0F4DCAD}.Debug|Any CPU.ActiveCfg = Debug|Any CPU
		{E087C4C6-8E55-428A-A0E9-2554D0F4DCAD}.Debug|Any CPU.Build.0 = Debug|Any CPU
		{E087C4C6-8E55-428A-A0E9-2554D0F4DCAD}.Debug|Mixed Platforms.ActiveCfg = Debug|Any CPU
		{E087C4C6-8E55-428A-A0E9-2554D0F4DCAD}.Debug|Mixed Platforms.Build.0 = Debug|Any CPU
		{E087C4C6-8E55-428A-A0E9-2554D0F4DCAD}.Debug|x64.ActiveCfg = Debug|Any CPU
		{E087C4C6-8E55-428A-A0E9-2554D0F4DCAD}.Debug|x86.ActiveCfg = Debug|Any CPU
		{E087C4C6-8E55-428A-A0E9-2554D0F4DCAD}.Release|Any CPU.ActiveCfg = Release|Any CPU
		{E087C4C6-8E55-428A-A0E9-2554D0F4DCAD}.Release|Any CPU.Build.0 = Release|Any CPU
		{E087C4C6-8E55-428A-A0E9-2554D0F4DCAD}.Release|Mixed Platforms.ActiveCfg = Release|Any CPU
		{E087C4C6-8E55-428A-A0E9-2554D0F4DCAD}.Release|Mixed Platforms.Build.0 = Release|Any CPU
		{E087C4C6-8E55-428A-A0E9-2554D0F4DCAD}.Release|x64.ActiveCfg = Release|Any CPU
		{E087C4C6-8E55-428A-A0E9-2554D0F4DCAD}.Release|x86.ActiveCfg = Release|Any CPU
		{9665236F-4092-40A0-A73C-CBFEF944CED3}.Debug|Any CPU.ActiveCfg = Debug|Any CPU
		{9665236F-4092-40A0-A73C-CBFEF944CED3}.Debug|Any CPU.Build.0 = Debug|Any CPU
		{9665236F-4092-40A0-A73C-CBFEF944CED3}.Debug|Mixed Platforms.ActiveCfg = Debug|Any CPU
		{9665236F-4092-40A0-A73C-CBFEF944CED3}.Debug|Mixed Platforms.Build.0 = Debug|Any CPU
		{9665236F-4092-40A0-A73C-CBFEF944CED3}.Debug|x64.ActiveCfg = Debug|Any CPU
		{9665236F-4092-40A0-A73C-CBFEF944CED3}.Debug|x86.ActiveCfg = Debug|Any CPU
		{9665236F-4092-40A0-A73C-CBFEF944CED3}.Release|Any CPU.ActiveCfg = Release|Any CPU
		{9665236F-4092-40A0-A73C-CBFEF944CED3}.Release|Any CPU.Build.0 = Release|Any CPU
		{9665236F-4092-40A0-A73C-CBFEF944CED3}.Release|Mixed Platforms.ActiveCfg = Release|Any CPU
		{9665236F-4092-40A0-A73C-CBFEF944CED3}.Release|Mixed Platforms.Build.0 = Release|Any CPU
		{9665236F-4092-40A0-A73C-CBFEF944CED3}.Release|x64.ActiveCfg = Release|Any CPU
		{9665236F-4092-40A0-A73C-CBFEF944CED3}.Release|x86.ActiveCfg = Release|Any CPU
		{A96392E4-ACE3-4FF1-A9AD-28E7C6E3D228}.Debug|Any CPU.ActiveCfg = Debug|Any CPU
		{A96392E4-ACE3-4FF1-A9AD-28E7C6E3D228}.Debug|Any CPU.Build.0 = Debug|Any CPU
		{A96392E4-ACE3-4FF1-A9AD-28E7C6E3D228}.Debug|Mixed Platforms.ActiveCfg = Debug|Any CPU
		{A96392E4-ACE3-4FF1-A9AD-28E7C6E3D228}.Debug|Mixed Platforms.Build.0 = Debug|Any CPU
		{A96392E4-ACE3-4FF1-A9AD-28E7C6E3D228}.Debug|x64.ActiveCfg = Debug|Any CPU
		{A96392E4-ACE3-4FF1-A9AD-28E7C6E3D228}.Debug|x86.ActiveCfg = Debug|Any CPU
		{A96392E4-ACE3-4FF1-A9AD-28E7C6E3D228}.Release|Any CPU.ActiveCfg = Release|Any CPU
		{A96392E4-ACE3-4FF1-A9AD-28E7C6E3D228}.Release|Any CPU.Build.0 = Release|Any CPU
		{A96392E4-ACE3-4FF1-A9AD-28E7C6E3D228}.Release|Mixed Platforms.ActiveCfg = Release|Any CPU
		{A96392E4-ACE3-4FF1-A9AD-28E7C6E3D228}.Release|Mixed Platforms.Build.0 = Release|Any CPU
		{A96392E4-ACE3-4FF1-A9AD-28E7C6E3D228}.Release|x64.ActiveCfg = Release|Any CPU
		{A96392E4-ACE3-4FF1-A9AD-28E7C6E3D228}.Release|x86.ActiveCfg = Release|Any CPU
		{D76B34BD-3635-47F1-8D86-94A88C47DF34}.Debug|Any CPU.ActiveCfg = Debug|Any CPU
		{D76B34BD-3635-47F1-8D86-94A88C47DF34}.Debug|Any CPU.Build.0 = Debug|Any CPU
		{D76B34BD-3635-47F1-8D86-94A88C47DF34}.Debug|Mixed Platforms.ActiveCfg = Debug|Any CPU
		{D76B34BD-3635-47F1-8D86-94A88C47DF34}.Debug|Mixed Platforms.Build.0 = Debug|Any CPU
		{D76B34BD-3635-47F1-8D86-94A88C47DF34}.Debug|x64.ActiveCfg = Debug|Any CPU
		{D76B34BD-3635-47F1-8D86-94A88C47DF34}.Debug|x86.ActiveCfg = Debug|Any CPU
		{D76B34BD-3635-47F1-8D86-94A88C47DF34}.Release|Any CPU.ActiveCfg = Release|Any CPU
		{D76B34BD-3635-47F1-8D86-94A88C47DF34}.Release|Any CPU.Build.0 = Release|Any CPU
		{D76B34BD-3635-47F1-8D86-94A88C47DF34}.Release|Mixed Platforms.ActiveCfg = Release|Any CPU
		{D76B34BD-3635-47F1-8D86-94A88C47DF34}.Release|Mixed Platforms.Build.0 = Release|Any CPU
		{D76B34BD-3635-47F1-8D86-94A88C47DF34}.Release|x64.ActiveCfg = Release|Any CPU
		{D76B34BD-3635-47F1-8D86-94A88C47DF34}.Release|x86.ActiveCfg = Release|Any CPU
		{C3B9E62D-D8AF-471E-B4D6-0C1E2AE6E485}.Debug|Any CPU.ActiveCfg = Debug|Any CPU
		{C3B9E62D-D8AF-471E-B4D6-0C1E2AE6E485}.Debug|Any CPU.Build.0 = Debug|Any CPU
		{C3B9E62D-D8AF-471E-B4D6-0C1E2AE6E485}.Debug|Mixed Platforms.ActiveCfg = Debug|Any CPU
		{C3B9E62D-D8AF-471E-B4D6-0C1E2AE6E485}.Debug|Mixed Platforms.Build.0 = Debug|Any CPU
		{C3B9E62D-D8AF-471E-B4D6-0C1E2AE6E485}.Debug|x64.ActiveCfg = Debug|Any CPU
		{C3B9E62D-D8AF-471E-B4D6-0C1E2AE6E485}.Debug|x86.ActiveCfg = Debug|Any CPU
		{C3B9E62D-D8AF-471E-B4D6-0C1E2AE6E485}.Release|Any CPU.ActiveCfg = Release|Any CPU
		{C3B9E62D-D8AF-471E-B4D6-0C1E2AE6E485}.Release|Any CPU.Build.0 = Release|Any CPU
		{C3B9E62D-D8AF-471E-B4D6-0C1E2AE6E485}.Release|Mixed Platforms.ActiveCfg = Release|Any CPU
		{C3B9E62D-D8AF-471E-B4D6-0C1E2AE6E485}.Release|Mixed Platforms.Build.0 = Release|Any CPU
		{C3B9E62D-D8AF-471E-B4D6-0C1E2AE6E485}.Release|x64.ActiveCfg = Release|Any CPU
		{C3B9E62D-D8AF-471E-B4D6-0C1E2AE6E485}.Release|x86.ActiveCfg = Release|Any CPU
		{34E0E31E-B43A-49B2-A332-60054BF951EC}.Debug|Any CPU.ActiveCfg = Debug|Any CPU
		{34E0E31E-B43A-49B2-A332-60054BF951EC}.Debug|Any CPU.Build.0 = Debug|Any CPU
		{34E0E31E-B43A-49B2-A332-60054BF951EC}.Debug|Mixed Platforms.ActiveCfg = Debug|Any CPU
		{34E0E31E-B43A-49B2-A332-60054BF951EC}.Debug|Mixed Platforms.Build.0 = Debug|Any CPU
		{34E0E31E-B43A-49B2-A332-60054BF951EC}.Debug|x64.ActiveCfg = Debug|Any CPU
		{34E0E31E-B43A-49B2-A332-60054BF951EC}.Debug|x86.ActiveCfg = Debug|Any CPU
		{34E0E31E-B43A-49B2-A332-60054BF951EC}.Release|Any CPU.ActiveCfg = Release|Any CPU
		{34E0E31E-B43A-49B2-A332-60054BF951EC}.Release|Any CPU.Build.0 = Release|Any CPU
		{34E0E31E-B43A-49B2-A332-60054BF951EC}.Release|Mixed Platforms.ActiveCfg = Release|Any CPU
		{34E0E31E-B43A-49B2-A332-60054BF951EC}.Release|Mixed Platforms.Build.0 = Release|Any CPU
		{34E0E31E-B43A-49B2-A332-60054BF951EC}.Release|x64.ActiveCfg = Release|Any CPU
		{34E0E31E-B43A-49B2-A332-60054BF951EC}.Release|x86.ActiveCfg = Release|Any CPU
		{F32E14E0-DF8B-41FE-A845-7C4C14E7D540}.Debug|Any CPU.ActiveCfg = Debug|Any CPU
		{F32E14E0-DF8B-41FE-A845-7C4C14E7D540}.Debug|Any CPU.Build.0 = Debug|Any CPU
		{F32E14E0-DF8B-41FE-A845-7C4C14E7D540}.Debug|Mixed Platforms.ActiveCfg = Debug|Any CPU
		{F32E14E0-DF8B-41FE-A845-7C4C14E7D540}.Debug|Mixed Platforms.Build.0 = Debug|Any CPU
		{F32E14E0-DF8B-41FE-A845-7C4C14E7D540}.Debug|x64.ActiveCfg = Debug|Any CPU
		{F32E14E0-DF8B-41FE-A845-7C4C14E7D540}.Debug|x86.ActiveCfg = Debug|Any CPU
		{F32E14E0-DF8B-41FE-A845-7C4C14E7D540}.Release|Any CPU.ActiveCfg = Release|Any CPU
		{F32E14E0-DF8B-41FE-A845-7C4C14E7D540}.Release|Any CPU.Build.0 = Release|Any CPU
		{F32E14E0-DF8B-41FE-A845-7C4C14E7D540}.Release|Mixed Platforms.ActiveCfg = Release|Any CPU
		{F32E14E0-DF8B-41FE-A845-7C4C14E7D540}.Release|Mixed Platforms.Build.0 = Release|Any CPU
		{F32E14E0-DF8B-41FE-A845-7C4C14E7D540}.Release|x64.ActiveCfg = Release|Any CPU
		{F32E14E0-DF8B-41FE-A845-7C4C14E7D540}.Release|x86.ActiveCfg = Release|Any CPU
		{D79E3401-B274-4617-98E8-F0B676DED1F1}.Debug|Any CPU.ActiveCfg = Debug|Any CPU
		{D79E3401-B274-4617-98E8-F0B676DED1F1}.Debug|Any CPU.Build.0 = Debug|Any CPU
		{D79E3401-B274-4617-98E8-F0B676DED1F1}.Debug|Mixed Platforms.ActiveCfg = Debug|Any CPU
		{D79E3401-B274-4617-98E8-F0B676DED1F1}.Debug|Mixed Platforms.Build.0 = Debug|Any CPU
		{D79E3401-B274-4617-98E8-F0B676DED1F1}.Debug|x64.ActiveCfg = Debug|Any CPU
		{D79E3401-B274-4617-98E8-F0B676DED1F1}.Debug|x86.ActiveCfg = Debug|Any CPU
		{D79E3401-B274-4617-98E8-F0B676DED1F1}.Release|Any CPU.ActiveCfg = Release|Any CPU
		{D79E3401-B274-4617-98E8-F0B676DED1F1}.Release|Any CPU.Build.0 = Release|Any CPU
		{D79E3401-B274-4617-98E8-F0B676DED1F1}.Release|Mixed Platforms.ActiveCfg = Release|Any CPU
		{D79E3401-B274-4617-98E8-F0B676DED1F1}.Release|Mixed Platforms.Build.0 = Release|Any CPU
		{D79E3401-B274-4617-98E8-F0B676DED1F1}.Release|x64.ActiveCfg = Release|Any CPU
		{D79E3401-B274-4617-98E8-F0B676DED1F1}.Release|x86.ActiveCfg = Release|Any CPU
		{C9DEDD3C-5ADF-49B0-95FA-D05BD5CE5B94}.Debug|Any CPU.ActiveCfg = Debug|Any CPU
		{C9DEDD3C-5ADF-49B0-95FA-D05BD5CE5B94}.Debug|Any CPU.Build.0 = Debug|Any CPU
		{C9DEDD3C-5ADF-49B0-95FA-D05BD5CE5B94}.Debug|Mixed Platforms.ActiveCfg = Debug|Any CPU
		{C9DEDD3C-5ADF-49B0-95FA-D05BD5CE5B94}.Debug|Mixed Platforms.Build.0 = Debug|Any CPU
		{C9DEDD3C-5ADF-49B0-95FA-D05BD5CE5B94}.Debug|x64.ActiveCfg = Debug|Any CPU
		{C9DEDD3C-5ADF-49B0-95FA-D05BD5CE5B94}.Debug|x86.ActiveCfg = Debug|Any CPU
		{C9DEDD3C-5ADF-49B0-95FA-D05BD5CE5B94}.Release|Any CPU.ActiveCfg = Release|Any CPU
		{C9DEDD3C-5ADF-49B0-95FA-D05BD5CE5B94}.Release|Any CPU.Build.0 = Release|Any CPU
		{C9DEDD3C-5ADF-49B0-95FA-D05BD5CE5B94}.Release|Mixed Platforms.ActiveCfg = Release|Any CPU
		{C9DEDD3C-5ADF-49B0-95FA-D05BD5CE5B94}.Release|Mixed Platforms.Build.0 = Release|Any CPU
		{C9DEDD3C-5ADF-49B0-95FA-D05BD5CE5B94}.Release|x64.ActiveCfg = Release|Any CPU
		{C9DEDD3C-5ADF-49B0-95FA-D05BD5CE5B94}.Release|x86.ActiveCfg = Release|Any CPU
		{27238E6B-4404-4C97-AA6B-105E7D308E48}.Debug|Any CPU.ActiveCfg = Debug|Any CPU
		{27238E6B-4404-4C97-AA6B-105E7D308E48}.Debug|Any CPU.Build.0 = Debug|Any CPU
		{27238E6B-4404-4C97-AA6B-105E7D308E48}.Debug|Mixed Platforms.ActiveCfg = Debug|Any CPU
		{27238E6B-4404-4C97-AA6B-105E7D308E48}.Debug|Mixed Platforms.Build.0 = Debug|Any CPU
		{27238E6B-4404-4C97-AA6B-105E7D308E48}.Debug|x64.ActiveCfg = Debug|Any CPU
		{27238E6B-4404-4C97-AA6B-105E7D308E48}.Debug|x86.ActiveCfg = Debug|Any CPU
		{27238E6B-4404-4C97-AA6B-105E7D308E48}.Release|Any CPU.ActiveCfg = Release|Any CPU
		{27238E6B-4404-4C97-AA6B-105E7D308E48}.Release|Any CPU.Build.0 = Release|Any CPU
		{27238E6B-4404-4C97-AA6B-105E7D308E48}.Release|Mixed Platforms.ActiveCfg = Release|Any CPU
		{27238E6B-4404-4C97-AA6B-105E7D308E48}.Release|Mixed Platforms.Build.0 = Release|Any CPU
		{27238E6B-4404-4C97-AA6B-105E7D308E48}.Release|x64.ActiveCfg = Release|Any CPU
		{27238E6B-4404-4C97-AA6B-105E7D308E48}.Release|x86.ActiveCfg = Release|Any CPU
		{A8831402-03BA-42B8-A1D2-E4F8DA997987}.Debug|Any CPU.ActiveCfg = Debug|Any CPU
		{A8831402-03BA-42B8-A1D2-E4F8DA997987}.Debug|Any CPU.Build.0 = Debug|Any CPU
		{A8831402-03BA-42B8-A1D2-E4F8DA997987}.Debug|Mixed Platforms.ActiveCfg = Debug|Any CPU
		{A8831402-03BA-42B8-A1D2-E4F8DA997987}.Debug|Mixed Platforms.Build.0 = Debug|Any CPU
		{A8831402-03BA-42B8-A1D2-E4F8DA997987}.Debug|x64.ActiveCfg = Debug|Any CPU
		{A8831402-03BA-42B8-A1D2-E4F8DA997987}.Debug|x86.ActiveCfg = Debug|Any CPU
		{A8831402-03BA-42B8-A1D2-E4F8DA997987}.Release|Any CPU.ActiveCfg = Release|Any CPU
		{A8831402-03BA-42B8-A1D2-E4F8DA997987}.Release|Any CPU.Build.0 = Release|Any CPU
		{A8831402-03BA-42B8-A1D2-E4F8DA997987}.Release|Mixed Platforms.ActiveCfg = Release|Any CPU
		{A8831402-03BA-42B8-A1D2-E4F8DA997987}.Release|Mixed Platforms.Build.0 = Release|Any CPU
		{A8831402-03BA-42B8-A1D2-E4F8DA997987}.Release|x64.ActiveCfg = Release|Any CPU
		{A8831402-03BA-42B8-A1D2-E4F8DA997987}.Release|x86.ActiveCfg = Release|Any CPU
		{27F2D0CB-E224-4CE3-8683-11CDED1576BB}.Debug|Any CPU.ActiveCfg = Debug|Any CPU
		{27F2D0CB-E224-4CE3-8683-11CDED1576BB}.Debug|Any CPU.Build.0 = Debug|Any CPU
		{27F2D0CB-E224-4CE3-8683-11CDED1576BB}.Debug|Mixed Platforms.ActiveCfg = Debug|Any CPU
		{27F2D0CB-E224-4CE3-8683-11CDED1576BB}.Debug|Mixed Platforms.Build.0 = Debug|Any CPU
		{27F2D0CB-E224-4CE3-8683-11CDED1576BB}.Debug|x64.ActiveCfg = Debug|Any CPU
		{27F2D0CB-E224-4CE3-8683-11CDED1576BB}.Debug|x86.ActiveCfg = Debug|Any CPU
		{27F2D0CB-E224-4CE3-8683-11CDED1576BB}.Release|Any CPU.ActiveCfg = Release|Any CPU
		{27F2D0CB-E224-4CE3-8683-11CDED1576BB}.Release|Any CPU.Build.0 = Release|Any CPU
		{27F2D0CB-E224-4CE3-8683-11CDED1576BB}.Release|Mixed Platforms.ActiveCfg = Release|Any CPU
		{27F2D0CB-E224-4CE3-8683-11CDED1576BB}.Release|Mixed Platforms.Build.0 = Release|Any CPU
		{27F2D0CB-E224-4CE3-8683-11CDED1576BB}.Release|x64.ActiveCfg = Release|Any CPU
		{27F2D0CB-E224-4CE3-8683-11CDED1576BB}.Release|x86.ActiveCfg = Release|Any CPU
		{2DB14F29-B468-41FD-AB78-A5FA986CEBD1}.Debug|Any CPU.ActiveCfg = Debug|Any CPU
		{2DB14F29-B468-41FD-AB78-A5FA986CEBD1}.Debug|Any CPU.Build.0 = Debug|Any CPU
		{2DB14F29-B468-41FD-AB78-A5FA986CEBD1}.Debug|Mixed Platforms.ActiveCfg = Debug|Any CPU
		{2DB14F29-B468-41FD-AB78-A5FA986CEBD1}.Debug|Mixed Platforms.Build.0 = Debug|Any CPU
		{2DB14F29-B468-41FD-AB78-A5FA986CEBD1}.Debug|x64.ActiveCfg = Debug|Any CPU
		{2DB14F29-B468-41FD-AB78-A5FA986CEBD1}.Debug|x86.ActiveCfg = Debug|Any CPU
		{2DB14F29-B468-41FD-AB78-A5FA986CEBD1}.Release|Any CPU.ActiveCfg = Release|Any CPU
		{2DB14F29-B468-41FD-AB78-A5FA986CEBD1}.Release|Any CPU.Build.0 = Release|Any CPU
		{2DB14F29-B468-41FD-AB78-A5FA986CEBD1}.Release|Mixed Platforms.ActiveCfg = Release|Any CPU
		{2DB14F29-B468-41FD-AB78-A5FA986CEBD1}.Release|Mixed Platforms.Build.0 = Release|Any CPU
		{2DB14F29-B468-41FD-AB78-A5FA986CEBD1}.Release|x64.ActiveCfg = Release|Any CPU
		{2DB14F29-B468-41FD-AB78-A5FA986CEBD1}.Release|x86.ActiveCfg = Release|Any CPU
	EndGlobalSection
	GlobalSection(SolutionProperties) = preSolution
		HideSolutionNode = FALSE
	EndGlobalSection
	GlobalSection(NestedProjects) = preSolution
		{E087C4C6-8E55-428A-A0E9-2554D0F4DCAD} = {15046054-57A1-4D92-AC76-6A3076468F42}
		{9665236F-4092-40A0-A73C-CBFEF944CED3} = {15046054-57A1-4D92-AC76-6A3076468F42}
		{A96392E4-ACE3-4FF1-A9AD-28E7C6E3D228} = {15046054-57A1-4D92-AC76-6A3076468F42}
		{D76B34BD-3635-47F1-8D86-94A88C47DF34} = {15230435-8B6C-40D8-A3AD-F81425AAA508}
		{C3B9E62D-D8AF-471E-B4D6-0C1E2AE6E485} = {15230435-8B6C-40D8-A3AD-F81425AAA508}
		{34E0E31E-B43A-49B2-A332-60054BF951EC} = {15230435-8B6C-40D8-A3AD-F81425AAA508}
		{F32E14E0-DF8B-41FE-A845-7C4C14E7D540} = {15230435-8B6C-40D8-A3AD-F81425AAA508}
		{D79E3401-B274-4617-98E8-F0B676DED1F1} = {15230435-8B6C-40D8-A3AD-F81425AAA508}
		{C9DEDD3C-5ADF-49B0-95FA-D05BD5CE5B94} = {15230435-8B6C-40D8-A3AD-F81425AAA508}
		{27238E6B-4404-4C97-AA6B-105E7D308E48} = {15230435-8B6C-40D8-A3AD-F81425AAA508}
		{A8831402-03BA-42B8-A1D2-E4F8DA997987} = {15230435-8B6C-40D8-A3AD-F81425AAA508}
		{27F2D0CB-E224-4CE3-8683-11CDED1576BB} = {15046054-57A1-4D92-AC76-6A3076468F42}
		{2DB14F29-B468-41FD-AB78-A5FA986CEBD1} = {15046054-57A1-4D92-AC76-6A3076468F42}
	EndGlobalSection
EndGlobal
