
Microsoft Visual Studio Solution File, Format Version 9.00
# Visual Studio 2005
Project("{FAE04EC0-301F-11D3-BF4B-00C04F79EFBC}") = "UOMapMake", "UOMapMake.csproj", "{B225D017-BF0B-4217-B499-8B87EF9DA09F}"
EndProject
Global
	GlobalSection(SolutionConfigurationPlatforms) = preSolution
		Debug|Any CPU = Debug|Any CPU
		Release|Any CPU = Release|Any CPU
	EndGlobalSection
	GlobalSection(ProjectConfigurationPlatforms) = postSolution
		{B225D017-BF0B-4217-B499-8B87EF9DA09F}.Debug|Any CPU.ActiveCfg = Debug|Any CPU
		{B225D017-BF0B-4217-B499-8B87EF9DA09F}.Debug|Any CPU.Build.0 = Debug|Any CPU
		{B225D017-BF0B-4217-B499-8B87EF9DA09F}.Release|Any CPU.ActiveCfg = Release|Any CPU
		{B225D017-BF0B-4217-B499-8B87EF9DA09F}.Release|Any CPU.Build.0 = Release|Any CPU
	EndGlobalSection
	GlobalSection(SolutionProperties) = preSolution
		HideSolutionNode = FALSE
	EndGlobalSection
EndGlobal
